github.com/DeRuina/timberjack v1.4.2 h1:4bKlzhKdsR+2oNkgef9mqb4n11ICow8VK88RfzJPzN8=
github.com/DeRuina/timberjack v1.4.2/go.mod h1:RLoeQrwrCGIEF8gO5nV5b/gMD0QIy7bzQhBUgpp1EqE=
github.com/fortytw2/leaktest v1.3.0 h1:u8491cBMTQ8ft8aeV+adlcytMZylmA5nnwwkRZjI8vw=
github.com/fortytw2/leaktest v1.3.0/go.mod h1:jDsjWgpAGjm2CA7WthBh/CdZYEPF31XHquHwclZch5g=
github.com/klauspost/compress v1.17.11 h1:In6xLpyWOi1+C7tXUUWv2ot1QvBjxevKAaI6IXrJmUc=
github.com/klauspost/compress v1.17.11/go.mod h1:pMDklpSncoRMuLFrf1W9Ss9KT+0rH90U12bZKk7uwG0=
gitlab.com/greyxor/slogor v1.6.9 h1:FtoWpf9pZhdEkdb5/6y04+QVLZt4WFoTDf3mPxaJLwc=
gitlab.com/greyxor/slogor v1.6.9/go.mod h1:cTQmsyF7KZCylunZpBr49rae/cKbus5Sw0rBF/zFWJo=
golang.org/x/sys v0.43.0 h1:Rlag2XtaFTxp19wS8MXlJwTvoh8ArU6ezoyFsMyCTNI=
golang.org/x/sys v0.43.0/go.mod h1:4GL1E5IUh+htKOUEOaiffhrAeqysfVGipDYzABqnCmw=
