github.com/DeRuina/timberjack v1.3.9 h1:6UXZ1I7ExPGTX/1UNYawR58LlOJUHKBPiYC7WQ91eBo=
github.com/DeRuina/timberjack v1.3.9/go.mod h1:RLoeQrwrCGIEF8gO5nV5b/gMD0QIy7bzQhBUgpp1EqE=
github.com/fortytw2/leaktest v1.3.0 h1:u8491cBMTQ8ft8aeV+adlcytMZylmA5nnwwkRZjI8vw=
github.com/fortytw2/leaktest v1.3.0/go.mod h1:jDsjWgpAGjm2CA7WthBh/CdZYEPF31XHquHwclZch5g=
github.com/khiemdoan/go-simple-slogger v0.0.0-20260226120052-3fea2fc50698 h1:iqRzOB+FlIwDKUYFBUue+S5zyl+ICs9a3nOrk51U1i4=
github.com/khiemdoan/go-simple-slogger v0.0.0-20260226120052-3fea2fc50698/go.mod h1:R8dSNy4hc2nNgmjaGYUYvqPDPaQq9iL1nnnltmKjBoY=
github.com/klauspost/compress v1.17.11 h1:In6xLpyWOi1+C7tXUUWv2ot1QvBjxevKAaI6IXrJmUc=
github.com/klauspost/compress v1.17.11/go.mod h1:pMDklpSncoRMuLFrf1W9Ss9KT+0rH90U12bZKk7uwG0=
gitlab.com/greyxor/slogor v1.6.7 h1:Ap5Pi+MfnQi6c6MIMwsVe2L1yy8E6snHbRhwqTK8Iao=
gitlab.com/greyxor/slogor v1.6.7/go.mod h1:hT+AQ3Btc1s81CBxkiSbvNqPMpC4lpZp6EdR4EXpuXE=
golang.org/x/sys v0.41.0 h1:Ivj+2Cp/ylzLiEU89QhWblYnOE9zerudt9Ftecq2C6k=
golang.org/x/sys v0.41.0/go.mod h1:OgkHotnGiDImocRcuBABYBEXf8A9a87e/uXjp9XT3ks=
